
Microsoft Visual Studio Solution File, Format Version 11.00
# Visual Studio 2010
Project("{FAE04EC0-301F-11D3-BF4B-00C04F79EFBC}") = "Assembly-CSharp", "Assembly-CSharp.csproj", "{8edc99db-ccd5-2c71-40fb-7635c1a3d9f1}"
EndProject
Project("{FAE04EC0-301F-11D3-BF4B-00C04F79EFBC}") = "Assembly-CSharp-Editor", "Assembly-CSharp-Editor.csproj", "{397be02e-448c-504b-6bb8-27c55499d12d}"
EndProject
Global
	GlobalSection(SolutionConfigurationPlatforms) = preSolution
		Debug|Any CPU = Debug|Any CPU
		Release|Any CPU = Release|Any CPU
	EndGlobalSection
	GlobalSection(ProjectConfigurationPlatforms) = postSolution
		{8edc99db-ccd5-2c71-40fb-7635c1a3d9f1}.Debug|Any CPU.ActiveCfg = Debug|Any CPU
		{8edc99db-ccd5-2c71-40fb-7635c1a3d9f1}.Debug|Any CPU.Build.0 = Debug|Any CPU
		{8edc99db-ccd5-2c71-40fb-7635c1a3d9f1}.Release|Any CPU.ActiveCfg = Release|Any CPU
		{8edc99db-ccd5-2c71-40fb-7635c1a3d9f1}.Release|Any CPU.Build.0 = Release|Any CPU
		{397be02e-448c-504b-6bb8-27c55499d12d}.Debug|Any CPU.ActiveCfg = Debug|Any CPU
		{397be02e-448c-504b-6bb8-27c55499d12d}.Debug|Any CPU.Build.0 = Debug|Any CPU
		{397be02e-448c-504b-6bb8-27c55499d12d}.Release|Any CPU.ActiveCfg = Release|Any CPU
		{397be02e-448c-504b-6bb8-27c55499d12d}.Release|Any CPU.Build.0 = Release|Any CPU
	EndGlobalSection
	GlobalSection(SolutionProperties) = preSolution
		HideSolutionNode = FALSE
	EndGlobalSection
EndGlobal
